Microsoft Visual Studio Solution File, Format Version 12.00
# Visual Studio Version 17
VisualStudioVersion = 17.0.31903.59
MinimumVisualStudioVersion = 10.0.40219.1
Project("{9A19103F-16F7-4668-BE54-9A1E7A4F7556}") = "AutoPit.Core", "src\AutoPit.Core\AutoPit.Core.csproj", "{36B05FA0-9749-47C5-A260-F1EC4A563619}"
EndProject
Project("{9A19103F-16F7-4668-BE54-9A1E7A4F7556}") = "AutoPit.Infrastructure", "src\AutoPit.Infrastructure\AutoPit.Infrastructure.csproj", "{7F4422DE-59F8-417B-8DBF-A663A9213647}"
EndProject
Project("{9A19103F-16F7-4668-BE54-9A1E7A4F7556}") = "AutoPit.Api", "src\AutoPit.Api\AutoPit.Api.csproj", "{C3DC2AED-AAA0-489F-A21F-6F5F434FCB20}"
EndProject
Project("{9A19103F-16F7-4668-BE54-9A1E7A4F7556}") = "AutoPit.Worker", "src\AutoPit.Worker\AutoPit.Worker.csproj", "{1467C648-F070-4499-BDBA-31D414BEF60E}"
EndProject
Project("{9A19103F-16F7-4668-BE54-9A1E7A4F7556}") = "AutoPit.Tests", "tests\AutoPit.Tests\AutoPit.Tests.csproj", "{FDCB8EC2-27DD-4255-AE41-14B17BE7DA2F}"
EndProject
Global
	GlobalSection(SolutionConfigurationPlatforms) = preSolution
		Debug|Any CPU = Debug|Any CPU
		Release|Any CPU = Release|Any CPU
	EndGlobalSection
	GlobalSection(ProjectConfigurationPlatforms) = postSolution
		{36B05FA0-9749-47C5-A260-F1EC4A563619}.Debug|Any CPU.ActiveCfg = Debug|Any CPU
		{36B05FA0-9749-47C5-A260-F1EC4A563619}.Debug|Any CPU.Build.0 = Debug|Any CPU
		{36B05FA0-9749-47C5-A260-F1EC4A563619}.Release|Any CPU.ActiveCfg = Release|Any CPU
		{36B05FA0-9749-47C5-A260-F1EC4A563619}.Release|Any CPU.Build.0 = Release|Any CPU
		{7F4422DE-59F8-417B-8DBF-A663A9213647}.Debug|Any CPU.ActiveCfg = Debug|Any CPU
		{7F4422DE-59F8-417B-8DBF-A663A9213647}.Debug|Any CPU.Build.0 = Debug|Any CPU
		{7F4422DE-59F8-417B-8DBF-A663A9213647}.Release|Any CPU.ActiveCfg = Release|Any CPU
		{7F4422DE-59F8-417B-8DBF-A663A9213647}.Release|Any CPU.Build.0 = Release|Any CPU
		{C3DC2AED-AAA0-489F-A21F-6F5F434FCB20}.Debug|Any CPU.ActiveCfg = Debug|Any CPU
		{C3DC2AED-AAA0-489F-A21F-6F5F434FCB20}.Debug|Any CPU.Build.0 = Debug|Any CPU
		{C3DC2AED-AAA0-489F-A21F-6F5F434FCB20}.Release|Any CPU.ActiveCfg = Release|Any CPU
		{C3DC2AED-AAA0-489F-A21F-6F5F434FCB20}.Release|Any CPU.Build.0 = Release|Any CPU
		{1467C648-F070-4499-BDBA-31D414BEF60E}.Debug|Any CPU.ActiveCfg = Debug|Any CPU
		{1467C648-F070-4499-BDBA-31D414BEF60E}.Debug|Any CPU.Build.0 = Debug|Any CPU
		{1467C648-F070-4499-BDBA-31D414BEF60E}.Release|Any CPU.ActiveCfg = Release|Any CPU
		{1467C648-F070-4499-BDBA-31D414BEF60E}.Release|Any CPU.Build.0 = Release|Any CPU
		{FDCB8EC2-27DD-4255-AE41-14B17BE7DA2F}.Debug|Any CPU.ActiveCfg = Debug|Any CPU
		{FDCB8EC2-27DD-4255-AE41-14B17BE7DA2F}.Debug|Any CPU.Build.0 = Debug|Any CPU
		{FDCB8EC2-27DD-4255-AE41-14B17BE7DA2F}.Release|Any CPU.ActiveCfg = Release|Any CPU
		{FDCB8EC2-27DD-4255-AE41-14B17BE7DA2F}.Release|Any CPU.Build.0 = Release|Any CPU
	EndGlobalSection
	GlobalSection(SolutionProperties) = preSolution
		HideSolutionNode = FALSE
	EndGlobalSection
EndGlobal
